
Microsoft Visual Studio Solution File, Format Version 12.00
# Visual Studio Version 16
VisualStudioVersion = 16.0.30413.136
MinimumVisualStudioVersion = 10.0.40219.1
Project("{FAE04EC0-301F-11D3-BF4B-00C04F79EFBC}") = "ManufacturerApp", "ManufacturerApp\ManufacturerApp.csproj", "{29BD037C-9D13-4524-B225-760449AFEB16}"
EndProject
Global
	GlobalSection(SolutionConfigurationPlatforms) = preSolution
		Debug|Any CPU = Debug|Any CPU
		Release|Any CPU = Release|Any CPU
	EndGlobalSection
	GlobalSection(ProjectConfigurationPlatforms) = postSolution
		{29BD037C-9D13-4524-B225-760449AFEB16}.Debug|Any CPU.ActiveCfg = Debug|Any CPU
		{29BD037C-9D13-4524-B225-760449AFEB16}.Debug|Any CPU.Build.0 = Debug|Any CPU
		{29BD037C-9D13-4524-B225-760449AFEB16}.Release|Any CPU.ActiveCfg = Release|Any CPU
		{29BD037C-9D13-4524-B225-760449AFEB16}.Release|Any CPU.Build.0 = Release|Any CPU
	EndGlobalSection
	GlobalSection(SolutionProperties) = preSolution
		HideSolutionNode = FALSE
	EndGlobalSection
	GlobalSection(ExtensibilityGlobals) = postSolution
		SolutionGuid = {EFB484C3-5A8D-4D6B-9F84-A98CC9D1590D}
	EndGlobalSection
EndGlobal
